
Microsoft Visual Studio Solution File, Format Version 12.00
# Visual Studio Version 16
VisualStudioVersion = 16.0.29613.14
MinimumVisualStudioVersion = 10.0.40219.1
Project("{FAE04EC0-301F-11D3-BF4B-00C04F79EFBC}") = "ChangeBot1", "ChangeBot1\ChangeBot1.csproj", "{62AFF312-5353-4D14-8A60-063A8CB8E280}"
EndProject
Global
	GlobalSection(SolutionConfigurationPlatforms) = preSolution
		Debug|Any CPU = Debug|Any CPU
		Release|Any CPU = Release|Any CPU
	EndGlobalSection
	GlobalSection(ProjectConfigurationPlatforms) = postSolution
		{62AFF312-5353-4D14-8A60-063A8CB8E280}.Debug|Any CPU.ActiveCfg = Debug|Any CPU
		{62AFF312-5353-4D14-8A60-063A8CB8E280}.Debug|Any CPU.Build.0 = Debug|Any CPU
		{62AFF312-5353-4D14-8A60-063A8CB8E280}.Release|Any CPU.ActiveCfg = Release|Any CPU
		{62AFF312-5353-4D14-8A60-063A8CB8E280}.Release|Any CPU.Build.0 = Release|Any CPU
	EndGlobalSection
	GlobalSection(SolutionProperties) = preSolution
		HideSolutionNode = FALSE
	EndGlobalSection
	GlobalSection(ExtensibilityGlobals) = postSolution
		SolutionGuid = {BE2266B4-FA3B-45DF-B190-66AD5845F2A4}
	EndGlobalSection
EndGlobal
